// !$*UTF8*$!
{
	archiveVersion = 1;
	classes = {
	};
	objectVersion = 46;
	objects = {

/* Begin PBXBuildFile section */
		AB4827452418E2F6008970A0 /* AVKit.framework in Frameworks */ = {isa = PBXBuildFile; fileRef = AB4827442418E2F5008970A0 /* AVKit.framework */; };
		AB6516E424B41EE9000EF54A /* UIView+LJWKeyboardHandlerAddtion.m in Sources */ = {isa = PBXBuildFile; fileRef = AB6516DE24B41EE9000EF54A /* UIView+LJWKeyboardHandlerAddtion.m */; };
		AB6516E524B41EE9000EF54A /* UIViewController+LJWKeyboardHandlerHelper.m in Sources */ = {isa = PBXBuildFile; fileRef = AB6516DF24B41EE9000EF54A /* UIViewController+LJWKeyboardHandlerHelper.m */; };
		AB6516E624B41EE9000EF54A /* LJWKeyboardToolBar.m in Sources */ = {isa = PBXBuildFile; fileRef = AB6516E024B41EE9000EF54A /* LJWKeyboardToolBar.m */; };
		AB6516E724B41EE9000EF54A /* LJWKeyboardHandler.m in Sources */ = {isa = PBXBuildFile; fileRef = AB6516E124B41EE9000EF54A /* LJWKeyboardHandler.m */; };
		AB6516E824B41EE9000EF54A /* UIWindow+LJWPresentViewController.m in Sources */ = {isa = PBXBuildFile; fileRef = AB6516E224B41EE9000EF54A /* UIWindow+LJWPresentViewController.m */; };
		AB6516E924B41EE9000EF54A /* Resources.bundle in Resources */ = {isa = PBXBuildFile; fileRef = AB6516E324B41EE9000EF54A /* Resources.bundle */; };
		AB78FD0D24F8D98700C0DB07 /* libFBP2P.a in Frameworks */ = {isa = PBXBuildFile; fileRef = AB78FCFE24F8D98700C0DB07 /* libFBP2P.a */; };
		AB78FD0E24F8D98700C0DB07 /* libIOTCAPIs_P2PTunnel.a in Frameworks */ = {isa = PBXBuildFile; fileRef = AB78FCFF24F8D98700C0DB07 /* libIOTCAPIs_P2PTunnel.a */; };
		AB78FD0F24F8D98700C0DB07 /* libIPCNetManager.a in Frameworks */ = {isa = PBXBuildFile; fileRef = AB78FD0024F8D98700C0DB07 /* libIPCNetManager.a */; };
		AB78FD1024F8D98700C0DB07 /* liblibgpac.a in Frameworks */ = {isa = PBXBuildFile; fileRef = AB78FD0124F8D98700C0DB07 /* liblibgpac.a */; };
		AB78FD1124F8D98700C0DB07 /* libIOTCAPIs_P2PTunnelT.a in Frameworks */ = {isa = PBXBuildFile; fileRef = AB78FD0224F8D98700C0DB07 /* libIOTCAPIs_P2PTunnelT.a */; };
		AB78FD1224F8D98700C0DB07 /* libfaac.a in Frameworks */ = {isa = PBXBuildFile; fileRef = AB78FD0324F8D98700C0DB07 /* libfaac.a */; };
		AB78FD1324F8D98700C0DB07 /* libIOTCAPIs_ALLT.a in Frameworks */ = {isa = PBXBuildFile; fileRef = AB78FD0424F8D98700C0DB07 /* libIOTCAPIs_ALLT.a */; };
		AB78FD1424F8D98700C0DB07 /* libIOTCAPIs_ALL.a in Frameworks */ = {isa = PBXBuildFile; fileRef = AB78FD0524F8D98700C0DB07 /* libIOTCAPIs_ALL.a */; };
		AB78FD1524F8D98700C0DB07 /* H264lib.a in Frameworks */ = {isa = PBXBuildFile; fileRef = AB78FD0824F8D98700C0DB07 /* H264lib.a */; };
		F2A5F51620762115001BB94B /* AppDelegate.m in Sources */ = {isa = PBXBuildFile; fileRef = F2A5F51520762115001BB94B /* AppDelegate.m */; };
		F2A5F51920762115001BB94B /* ViewController.mm in Sources */ = {isa = PBXBuildFile; fileRef = F2A5F51820762115001BB94B /* ViewController.mm */; };
		F2A5F51C20762115001BB94B /* Main.storyboard in Resources */ = {isa = PBXBuildFile; fileRef = F2A5F51A20762115001BB94B /* Main.storyboard */; };
		F2A5F51E20762117001BB94B /* Assets.xcassets in Resources */ = {isa = PBXBuildFile; fileRef = F2A5F51D20762117001BB94B /* Assets.xcassets */; };
		F2A5F52120762117001BB94B /* LaunchScreen.storyboard in Resources */ = {isa = PBXBuildFile; fileRef = F2A5F51F20762117001BB94B /* LaunchScreen.storyboard */; };
		F2A5F52420762117001BB94B /* main.m in Sources */ = {isa = PBXBuildFile; fileRef = F2A5F52320762117001BB94B /* main.m */; };
		F2A5F52E20762117001BB94B /* test3Tests.m in Sources */ = {isa = PBXBuildFile; fileRef = F2A5F52D20762117001BB94B /* test3Tests.m */; };
		F2A5F53920762118001BB94B /* test3UITests.m in Sources */ = {isa = PBXBuildFile; fileRef = F2A5F53820762118001BB94B /* test3UITests.m */; };
/* End PBXBuildFile section */

/* Begin PBXContainerItemProxy section */
		F2A5F52A20762117001BB94B /* PBXContainerItemProxy */ = {
			isa = PBXContainerItemProxy;
			containerPortal = F2A5F50920762115001BB94B /* Project object */;
			proxyType = 1;
			remoteGlobalIDString = F2A5F51020762115001BB94B;
			remoteInfo = test3;
		};
		F2A5F53520762118001BB94B /* PBXContainerItemProxy */ = {
			isa = PBXContainerItemProxy;
			containerPortal = F2A5F50920762115001BB94B /* Project object */;
			proxyType = 1;
			remoteGlobalIDString = F2A5F51020762115001BB94B;
			remoteInfo = test3;
		};
/* End PBXContainerItemProxy section */

/* Begin PBXFileReference section */
		AB4827442418E2F5008970A0 /* AVKit.framework */ = {isa = PBXFileReference; lastKnownFileType = wrapper.framework; name = AVKit.framework; path = System/Library/Frameworks/AVKit.framework; sourceTree = SDKROOT; };
		AB597B3023FF98AC00F04F84 /* PrefixHeader.pch */ = {isa = PBXFileReference; lastKnownFileType = sourcecode.c.h; path = PrefixHeader.pch; sourceTree = "<group>"; };
		AB6516D824B41EE9000EF54A /* UIView+LJWKeyboardHandlerAddtion.h */ = {isa = PBXFileReference; fileEncoding = 4; lastKnownFileType = sourcecode.c.h; path = "UIView+LJWKeyboardHandlerAddtion.h"; sourceTree = "<group>"; };
		AB6516D924B41EE9000EF54A /* UIViewController+LJWKeyboardHandlerHelper.h */ = {isa = PBXFileReference; fileEncoding = 4; lastKnownFileType = sourcecode.c.h; path = "UIViewController+LJWKeyboardHandlerHelper.h"; sourceTree = "<group>"; };
		AB6516DA24B41EE9000EF54A /* UIWindow+LJWPresentViewController.h */ = {isa = PBXFileReference; fileEncoding = 4; lastKnownFileType = sourcecode.c.h; path = "UIWindow+LJWPresentViewController.h"; sourceTree = "<group>"; };
		AB6516DB24B41EE9000EF54A /* LJWKeyboardHandler.h */ = {isa = PBXFileReference; fileEncoding = 4; lastKnownFileType = sourcecode.c.h; path = LJWKeyboardHandler.h; sourceTree = "<group>"; };
		AB6516DC24B41EE9000EF54A /* LJWKeyboardToolBar.h */ = {isa = PBXFileReference; fileEncoding = 4; lastKnownFileType = sourcecode.c.h; path = LJWKeyboardToolBar.h; sourceTree = "<group>"; };
		AB6516DD24B41EE9000EF54A /* LJWKeyboardHandlerHeaders.h */ = {isa = PBXFileReference; fileEncoding = 4; lastKnownFileType = sourcecode.c.h; path = LJWKeyboardHandlerHeaders.h; sourceTree = "<group>"; };
		AB6516DE24B41EE9000EF54A /* UIView+LJWKeyboardHandlerAddtion.m */ = {isa = PBXFileReference; fileEncoding = 4; lastKnownFileType = sourcecode.c.objc; path = "UIView+LJWKeyboardHandlerAddtion.m"; sourceTree = "<group>"; };
		AB6516DF24B41EE9000EF54A /* UIViewController+LJWKeyboardHandlerHelper.m */ = {isa = PBXFileReference; fileEncoding = 4; lastKnownFileType = sourcecode.c.objc; path = "UIViewController+LJWKeyboardHandlerHelper.m"; sourceTree = "<group>"; };
		AB6516E024B41EE9000EF54A /* LJWKeyboardToolBar.m */ = {isa = PBXFileReference; fileEncoding = 4; lastKnownFileType = sourcecode.c.objc; path = LJWKeyboardToolBar.m; sourceTree = "<group>"; };
		AB6516E124B41EE9000EF54A /* LJWKeyboardHandler.m */ = {isa = PBXFileReference; fileEncoding = 4; lastKnownFileType = sourcecode.c.objc; path = LJWKeyboardHandler.m; sourceTree = "<group>"; };
		AB6516E224B41EE9000EF54A /* UIWindow+LJWPresentViewController.m */ = {isa = PBXFileReference; fileEncoding = 4; lastKnownFileType = sourcecode.c.objc; path = "UIWindow+LJWPresentViewController.m"; sourceTree = "<group>"; };
		AB6516E324B41EE9000EF54A /* Resources.bundle */ = {isa = PBXFileReference; lastKnownFileType = "wrapper.plug-in"; path = Resources.bundle; sourceTree = "<group>"; };
		AB78FCF324F8D98700C0DB07 /* JSONObject.hpp */ = {isa = PBXFileReference; fileEncoding = 4; lastKnownFileType = sourcecode.cpp.h; path = JSONObject.hpp; sourceTree = "<group>"; };
		AB78FCF424F8D98700C0DB07 /* SEP2P_API.h */ = {isa = PBXFileReference; fileEncoding = 4; lastKnownFileType = sourcecode.c.h; path = SEP2P_API.h; sourceTree = "<group>"; };
		AB78FCF524F8D98700C0DB07 /* cJSON.h */ = {isa = PBXFileReference; fileEncoding = 4; lastKnownFileType = sourcecode.c.h; path = cJSON.h; sourceTree = "<group>"; };
		AB78FCF724F8D98700C0DB07 /* SEP2P_Error.h */ = {isa = PBXFileReference; fileEncoding = 4; lastKnownFileType = sourcecode.c.h; path = SEP2P_Error.h; sourceTree = "<group>"; };
		AB78FCF824F8D98700C0DB07 /* IPCNetManagerInterface.h */ = {isa = PBXFileReference; fileEncoding = 4; lastKnownFileType = sourcecode.c.h; path = IPCNetManagerInterface.h; sourceTree = "<group>"; };
		AB78FCF924F8D98700C0DB07 /* JSONStructProtocal.h */ = {isa = PBXFileReference; fileEncoding = 4; lastKnownFileType = sourcecode.c.h; path = JSONStructProtocal.h; sourceTree = "<group>"; };
		AB78FCFA24F8D98700C0DB07 /* StringConvert.h */ = {isa = PBXFileReference; fileEncoding = 4; lastKnownFileType = sourcecode.c.h; path = StringConvert.h; sourceTree = "<group>"; };
		AB78FCFB24F8D98700C0DB07 /* SEP2P_Type.h */ = {isa = PBXFileReference; fileEncoding = 4; lastKnownFileType = sourcecode.c.h; path = SEP2P_Type.h; sourceTree = "<group>"; };
		AB78FCFC24F8D98700C0DB07 /* sepcam_protocal.h */ = {isa = PBXFileReference; fileEncoding = 4; lastKnownFileType = sourcecode.c.h; path = sepcam_protocal.h; sourceTree = "<group>"; };
		AB78FCFE24F8D98700C0DB07 /* libFBP2P.a */ = {isa = PBXFileReference; lastKnownFileType = archive.ar; path = libFBP2P.a; sourceTree = "<group>"; };
		AB78FCFF24F8D98700C0DB07 /* libIOTCAPIs_P2PTunnel.a */ = {isa = PBXFileReference; lastKnownFileType = archive.ar; path = libIOTCAPIs_P2PTunnel.a; sourceTree = "<group>"; };
		AB78FD0024F8D98700C0DB07 /* libIPCNetManager.a */ = {isa = PBXFileReference; lastKnownFileType = archive.ar; path = libIPCNetManager.a; sourceTree = "<group>"; };
		AB78FD0124F8D98700C0DB07 /* liblibgpac.a */ = {isa = PBXFileReference; lastKnownFileType = archive.ar; path = liblibgpac.a; sourceTree = "<group>"; };
		AB78FD0224F8D98700C0DB07 /* libIOTCAPIs_P2PTunnelT.a */ = {isa = PBXFileReference; lastKnownFileType = archive.ar; path = libIOTCAPIs_P2PTunnelT.a; sourceTree = "<group>"; };
		AB78FD0324F8D98700C0DB07 /* libfaac.a */ = {isa = PBXFileReference; lastKnownFileType = archive.ar; path = libfaac.a; sourceTree = "<group>"; };
		AB78FD0424F8D98700C0DB07 /* libIOTCAPIs_ALLT.a */ = {isa = PBXFileReference; lastKnownFileType = archive.ar; path = libIOTCAPIs_ALLT.a; sourceTree = "<group>"; };
		AB78FD0524F8D98700C0DB07 /* libIOTCAPIs_ALL.a */ = {isa = PBXFileReference; lastKnownFileType = archive.ar; path = libIOTCAPIs_ALL.a; sourceTree = "<group>"; };
		AB78FD0724F8D98700C0DB07 /* H26xHwDecoder.h */ = {isa = PBXFileReference; fileEncoding = 4; lastKnownFileType = sourcecode.c.h; path = H26xHwDecoder.h; sourceTree = "<group>"; };
		AB78FD0824F8D98700C0DB07 /* H264lib.a */ = {isa = PBXFileReference; lastKnownFileType = archive.ar; path = H264lib.a; sourceTree = "<group>"; };
		AB78FD0924F8D98700C0DB07 /* Header_audio.h */ = {isa = PBXFileReference; fileEncoding = 4; lastKnownFileType = sourcecode.c.h; path = Header_audio.h; sourceTree = "<group>"; };
		AB78FD0A24F8D98700C0DB07 /* XBAudioTool.h */ = {isa = PBXFileReference; fileEncoding = 4; lastKnownFileType = sourcecode.c.h; path = XBAudioTool.h; sourceTree = "<group>"; };
		AB78FD0B24F8D98700C0DB07 /* XBAudioUnitRecorder.h */ = {isa = PBXFileReference; fileEncoding = 4; lastKnownFileType = sourcecode.c.h; path = XBAudioUnitRecorder.h; sourceTree = "<group>"; };
		AB78FD0C24F8D98700C0DB07 /* XBAudioUnitPlayer.h */ = {isa = PBXFileReference; fileEncoding = 4; lastKnownFileType = sourcecode.c.h; path = XBAudioUnitPlayer.h; sourceTree = "<group>"; };
		F2A5F51120762115001BB94B /* test3.app */ = {isa = PBXFileReference; explicitFileType = wrapper.application; includeInIndex = 0; path = test3.app; sourceTree = BUILT_PRODUCTS_DIR; };
		F2A5F51420762115001BB94B /* AppDelegate.h */ = {isa = PBXFileReference; lastKnownFileType = sourcecode.c.h; path = AppDelegate.h; sourceTree = "<group>"; };
		F2A5F51520762115001BB94B /* AppDelegate.m */ = {isa = PBXFileReference; lastKnownFileType = sourcecode.c.objc; path = AppDelegate.m; sourceTree = "<group>"; };
		F2A5F51720762115001BB94B /* ViewController.h */ = {isa = PBXFileReference; lastKnownFileType = sourcecode.c.h; path = ViewController.h; sourceTree = "<group>"; };
		F2A5F51820762115001BB94B /* ViewController.mm */ = {isa = PBXFileReference; lastKnownFileType = sourcecode.cpp.objcpp; path = ViewController.mm; sourceTree = "<group>"; };
		F2A5F51B20762115001BB94B /* Base */ = {isa = PBXFileReference; lastKnownFileType = file.storyboard; name = Base; path = Base.lproj/Main.storyboard; sourceTree = "<group>"; };
		F2A5F51D20762117001BB94B /* Assets.xcassets */ = {isa = PBXFileReference; lastKnownFileType = folder.assetcatalog; path = Assets.xcassets; sourceTree = "<group>"; };
		F2A5F52020762117001BB94B /* Base */ = {isa = PBXFileReference; lastKnownFileType = file.storyboard; name = Base; path = Base.lproj/LaunchScreen.storyboard; sourceTree = "<group>"; };
		F2A5F52220762117001BB94B /* Info.plist */ = {isa = PBXFileReference; lastKnownFileType = text.plist.xml; path = Info.plist; sourceTree = "<group>"; };
		F2A5F52320762117001BB94B /* main.m */ = {isa = PBXFileReference; lastKnownFileType = sourcecode.c.objc; path = main.m; sourceTree = "<group>"; };
		F2A5F52920762117001BB94B /* test3Tests.xctest */ = {isa = PBXFileReference; explicitFileType = wrapper.cfbundle; includeInIndex = 0; path = test3Tests.xctest; sourceTree = BUILT_PRODUCTS_DIR; };
		F2A5F52D20762117001BB94B /* test3Tests.m */ = {isa = PBXFileReference; lastKnownFileType = sourcecode.c.objc; path = test3Tests.m; sourceTree = "<group>"; };
		F2A5F52F20762118001BB94B /* Info.plist */ = {isa = PBXFileReference; lastKnownFileType = text.plist.xml; path = Info.plist; sourceTree = "<group>"; };
		F2A5F53420762118001BB94B /* test3UITests.xctest */ = {isa = PBXFileReference; explicitFileType = wrapper.cfbundle; includeInIndex = 0; path = test3UITests.xctest; sourceTree = BUILT_PRODUCTS_DIR; };
		F2A5F53820762118001BB94B /* test3UITests.m */ = {isa = PBXFileReference; lastKnownFileType = sourcecode.c.objc; path = test3UITests.m; sourceTree = "<group>"; };
		F2A5F53A20762118001BB94B /* Info.plist */ = {isa = PBXFileReference; lastKnownFileType = text.plist.xml; path = Info.plist; sourceTree = "<group>"; };
/* End PBXFileReference section */

/* Begin PBXFrameworksBuildPhase section */
		F2A5F50E20762115001BB94B /* Frameworks */ = {
			isa = PBXFrameworksBuildPhase;
			buildActionMask = 2147483647;
			files = (
				AB78FD1424F8D98700C0DB07 /* libIOTCAPIs_ALL.a in Frameworks */,
				AB78FD1324F8D98700C0DB07 /* libIOTCAPIs_ALLT.a in Frameworks */,
				AB78FD1024F8D98700C0DB07 /* liblibgpac.a in Frameworks */,
				AB78FD1524F8D98700C0DB07 /* H264lib.a in Frameworks */,
				AB78FD0D24F8D98700C0DB07 /* libFBP2P.a in Frameworks */,
				AB4827452418E2F6008970A0 /* AVKit.framework in Frameworks */,
				AB78FD0F24F8D98700C0DB07 /* libIPCNetManager.a in Frameworks */,
				AB78FD0E24F8D98700C0DB07 /* libIOTCAPIs_P2PTunnel.a in Frameworks */,
				AB78FD1224F8D98700C0DB07 /* libfaac.a in Frameworks */,
				AB78FD1124F8D98700C0DB07 /* libIOTCAPIs_P2PTunnelT.a in Frameworks */,
			);
			runOnlyForDeploymentPostprocessing = 0;
		};
		F2A5F52620762117001BB94B /* Frameworks */ = {
			isa = PBXFrameworksBuildPhase;
			buildActionMask = 2147483647;
			files = (
			);
			runOnlyForDeploymentPostprocessing = 0;
		};
		F2A5F53120762118001BB94B /* Frameworks */ = {
			isa = PBXFrameworksBuildPhase;
			buildActionMask = 2147483647;
			files = (
			);
			runOnlyForDeploymentPostprocessing = 0;
		};
/* End PBXFrameworksBuildPhase section */

/* Begin PBXGroup section */
		AB4827432418E2F5008970A0 /* Frameworks */ = {
			isa = PBXGroup;
			children = (
				AB4827442418E2F5008970A0 /* AVKit.framework */,
			);
			name = Frameworks;
			sourceTree = "<group>";
		};
		AB6516D724B41EE9000EF54A /* LJWKeyboardHandler */ = {
			isa = PBXGroup;
			children = (
				AB6516D824B41EE9000EF54A /* UIView+LJWKeyboardHandlerAddtion.h */,
				AB6516D924B41EE9000EF54A /* UIViewController+LJWKeyboardHandlerHelper.h */,
				AB6516DA24B41EE9000EF54A /* UIWindow+LJWPresentViewController.h */,
				AB6516DB24B41EE9000EF54A /* LJWKeyboardHandler.h */,
				AB6516DC24B41EE9000EF54A /* LJWKeyboardToolBar.h */,
				AB6516DD24B41EE9000EF54A /* LJWKeyboardHandlerHeaders.h */,
				AB6516DE24B41EE9000EF54A /* UIView+LJWKeyboardHandlerAddtion.m */,
				AB6516DF24B41EE9000EF54A /* UIViewController+LJWKeyboardHandlerHelper.m */,
				AB6516E024B41EE9000EF54A /* LJWKeyboardToolBar.m */,
				AB6516E124B41EE9000EF54A /* LJWKeyboardHandler.m */,
				AB6516E224B41EE9000EF54A /* UIWindow+LJWPresentViewController.m */,
				AB6516E324B41EE9000EF54A /* Resources.bundle */,
			);
			path = LJWKeyboardHandler;
			sourceTree = "<group>";
		};
		AB78FCF224F8D98700C0DB07 /* includes */ = {
			isa = PBXGroup;
			children = (
				AB78FCF524F8D98700C0DB07 /* cJSON.h */,
				AB78FCF824F8D98700C0DB07 /* IPCNetManagerInterface.h */,
				AB78FCF924F8D98700C0DB07 /* JSONStructProtocal.h */,
				AB78FCFA24F8D98700C0DB07 /* StringConvert.h */,
				AB78FCF424F8D98700C0DB07 /* SEP2P_API.h */,
				AB78FCFB24F8D98700C0DB07 /* SEP2P_Type.h */,
				AB78FCF724F8D98700C0DB07 /* SEP2P_Error.h */,
				AB78FCF324F8D98700C0DB07 /* JSONObject.hpp */,
				AB78FCFC24F8D98700C0DB07 /* sepcam_protocal.h */,
			);
			path = includes;
			sourceTree = "<group>";
		};
		AB78FCFD24F8D98700C0DB07 /* libs */ = {
			isa = PBXGroup;
			children = (
				AB78FCFE24F8D98700C0DB07 /* libFBP2P.a */,
				AB78FCFF24F8D98700C0DB07 /* libIOTCAPIs_P2PTunnel.a */,
				AB78FD0024F8D98700C0DB07 /* libIPCNetManager.a */,
				AB78FD0124F8D98700C0DB07 /* liblibgpac.a */,
				AB78FD0224F8D98700C0DB07 /* libIOTCAPIs_P2PTunnelT.a */,
				AB78FD0324F8D98700C0DB07 /* libfaac.a */,
				AB78FD0424F8D98700C0DB07 /* libIOTCAPIs_ALLT.a */,
				AB78FD0524F8D98700C0DB07 /* libIOTCAPIs_ALL.a */,
			);
			path = libs;
			sourceTree = "<group>";
		};
		AB78FD0624F8D98700C0DB07 /* H264lib */ = {
			isa = PBXGroup;
			children = (
				AB78FD0824F8D98700C0DB07 /* H264lib.a */,
				AB78FD0724F8D98700C0DB07 /* H26xHwDecoder.h */,
				AB78FD0924F8D98700C0DB07 /* Header_audio.h */,
				AB78FD0A24F8D98700C0DB07 /* XBAudioTool.h */,
				AB78FD0B24F8D98700C0DB07 /* XBAudioUnitRecorder.h */,
				AB78FD0C24F8D98700C0DB07 /* XBAudioUnitPlayer.h */,
			);
			path = H264lib;
			sourceTree = "<group>";
		};
		F2A5F50820762115001BB94B = {
			isa = PBXGroup;
			children = (
				AB78FD0624F8D98700C0DB07 /* H264lib */,
				AB78FCF224F8D98700C0DB07 /* includes */,
				AB78FCFD24F8D98700C0DB07 /* libs */,
				AB6516D724B41EE9000EF54A /* LJWKeyboardHandler */,
				F2A5F51320762115001BB94B /* test3 */,
				F2A5F52C20762117001BB94B /* test3Tests */,
				F2A5F53720762118001BB94B /* test3UITests */,
				F2A5F51220762115001BB94B /* Products */,
				AB4827432418E2F5008970A0 /* Frameworks */,
			);
			sourceTree = "<group>";
		};
		F2A5F51220762115001BB94B /* Products */ = {
			isa = PBXGroup;
			children = (
				F2A5F51120762115001BB94B /* test3.app */,
				F2A5F52920762117001BB94B /* test3Tests.xctest */,
				F2A5F53420762118001BB94B /* test3UITests.xctest */,
			);
			name = Products;
			sourceTree = "<group>";
		};
		F2A5F51320762115001BB94B /* test3 */ = {
			isa = PBXGroup;
			children = (
				F2A5F51420762115001BB94B /* AppDelegate.h */,
				F2A5F51520762115001BB94B /* AppDelegate.m */,
				F2A5F51720762115001BB94B /* ViewController.h */,
				F2A5F51820762115001BB94B /* ViewController.mm */,
				F2A5F51A20762115001BB94B /* Main.storyboard */,
				F2A5F51D20762117001BB94B /* Assets.xcassets */,
				F2A5F51F20762117001BB94B /* LaunchScreen.storyboard */,
				F2A5F52220762117001BB94B /* Info.plist */,
				F2A5F52320762117001BB94B /* main.m */,
				AB597B3023FF98AC00F04F84 /* PrefixHeader.pch */,
			);
			path = test3;
			sourceTree = "<group>";
		};
		F2A5F52C20762117001BB94B /* test3Tests */ = {
			isa = PBXGroup;
			children = (
				F2A5F52D20762117001BB94B /* test3Tests.m */,
				F2A5F52F20762118001BB94B /* Info.plist */,
			);
			path = test3Tests;
			sourceTree = "<group>";
		};
		F2A5F53720762118001BB94B /* test3UITests */ = {
			isa = PBXGroup;
			children = (
				F2A5F53820762118001BB94B /* test3UITests.m */,
				F2A5F53A20762118001BB94B /* Info.plist */,
			);
			path = test3UITests;
			sourceTree = "<group>";
		};
/* End PBXGroup section */

/* Begin PBXNativeTarget section */
		F2A5F51020762115001BB94B /* test3 */ = {
			isa = PBXNativeTarget;
			buildConfigurationList = F2A5F53D20762118001BB94B /* Build configuration list for PBXNativeTarget "test3" */;
			buildPhases = (
				F2A5F50D20762115001BB94B /* Sources */,
				F2A5F50E20762115001BB94B /* Frameworks */,
				F2A5F50F20762115001BB94B /* Resources */,
			);
			buildRules = (
			);
			dependencies = (
			);
			name = test3;
			productName = test3;
			productReference = F2A5F51120762115001BB94B /* test3.app */;
			productType = "com.apple.product-type.application";
		};
		F2A5F52820762117001BB94B /* test3Tests */ = {
			isa = PBXNativeTarget;
			buildConfigurationList = F2A5F54020762118001BB94B /* Build configuration list for PBXNativeTarget "test3Tests" */;
			buildPhases = (
				F2A5F52520762117001BB94B /* Sources */,
				F2A5F52620762117001BB94B /* Frameworks */,
				F2A5F52720762117001BB94B /* Resources */,
			);
			buildRules = (
			);
			dependencies = (
				F2A5F52B20762117001BB94B /* PBXTargetDependency */,
			);
			name = test3Tests;
			productName = test3Tests;
			productReference = F2A5F52920762117001BB94B /* test3Tests.xctest */;
			productType = "com.apple.product-type.bundle.unit-test";
		};
		F2A5F53320762118001BB94B /* test3UITests */ = {
			isa = PBXNativeTarget;
			buildConfigurationList = F2A5F54320762118001BB94B /* Build configuration list for PBXNativeTarget "test3UITests" */;
			buildPhases = (
				F2A5F53020762118001BB94B /* Sources */,
				F2A5F53120762118001BB94B /* Frameworks */,
				F2A5F53220762118001BB94B /* Resources */,
			);
			buildRules = (
			);
			dependencies = (
				F2A5F53620762118001BB94B /* PBXTargetDependency */,
			);
			name = test3UITests;
			productName = test3UITests;
			productReference = F2A5F53420762118001BB94B /* test3UITests.xctest */;
			productType = "com.apple.product-type.bundle.ui-testing";
		};
/* End PBXNativeTarget section */

/* Begin PBXProject section */
		F2A5F50920762115001BB94B /* Project object */ = {
			isa = PBXProject;
			attributes = {
				LastUpgradeCheck = 0930;
				ORGANIZATIONNAME = fenzhi;
				TargetAttributes = {
					F2A5F51020762115001BB94B = {
						CreatedOnToolsVersion = 9.3;
						DevelopmentTeam = VNCC3G6TV4;
						ProvisioningStyle = Automatic;
					};
					F2A5F52820762117001BB94B = {
						CreatedOnToolsVersion = 9.3;
						ProvisioningStyle = Automatic;
						TestTargetID = F2A5F51020762115001BB94B;
					};
					F2A5F53320762118001BB94B = {
						CreatedOnToolsVersion = 9.3;
						ProvisioningStyle = Automatic;
						TestTargetID = F2A5F51020762115001BB94B;
					};
				};
			};
			buildConfigurationList = F2A5F50C20762115001BB94B /* Build configuration list for PBXProject "test3" */;
			compatibilityVersion = "Xcode 3.2";
			developmentRegion = en;
			hasScannedForEncodings = 0;
			knownRegions = (
				en,
				Base,
			);
			mainGroup = F2A5F50820762115001BB94B;
			productRefGroup = F2A5F51220762115001BB94B /* Products */;
			projectDirPath = "";
			projectRoot = "";
			targets = (
				F2A5F51020762115001BB94B /* test3 */,
				F2A5F52820762117001BB94B /* test3Tests */,
				F2A5F53320762118001BB94B /* test3UITests */,
			);
		};
/* End PBXProject section */

/* Begin PBXResourcesBuildPhase section */
		F2A5F50F20762115001BB94B /* Resources */ = {
			isa = PBXResourcesBuildPhase;
			buildActionMask = 2147483647;
			files = (
				F2A5F52120762117001BB94B /* LaunchScreen.storyboard in Resources */,
				F2A5F51E20762117001BB94B /* Assets.xcassets in Resources */,
				F2A5F51C20762115001BB94B /* Main.storyboard in Resources */,
				AB6516E924B41EE9000EF54A /* Resources.bundle in Resources */,
			);
			runOnlyForDeploymentPostprocessing = 0;
		};
		F2A5F52720762117001BB94B /* Resources */ = {
			isa = PBXResourcesBuildPhase;
			buildActionMask = 2147483647;
			files = (
			);
			runOnlyForDeploymentPostprocessing = 0;
		};
		F2A5F53220762118001BB94B /* Resources */ = {
			isa = PBXResourcesBuildPhase;
			buildActionMask = 2147483647;
			files = (
			);
			runOnlyForDeploymentPostprocessing = 0;
		};
/* End PBXResourcesBuildPhase section */

/* Begin PBXSourcesBuildPhase section */
		F2A5F50D20762115001BB94B /* Sources */ = {
			isa = PBXSourcesBuildPhase;
			buildActionMask = 2147483647;
			files = (
				AB6516E524B41EE9000EF54A /* UIViewController+LJWKeyboardHandlerHelper.m in Sources */,
				AB6516E724B41EE9000EF54A /* LJWKeyboardHandler.m in Sources */,
				F2A5F51920762115001BB94B /* ViewController.mm in Sources */,
				AB6516E824B41EE9000EF54A /* UIWindow+LJWPresentViewController.m in Sources */,
				AB6516E624B41EE9000EF54A /* LJWKeyboardToolBar.m in Sources */,
				F2A5F52420762117001BB94B /* main.m in Sources */,
				F2A5F51620762115001BB94B /* AppDelegate.m in Sources */,
				AB6516E424B41EE9000EF54A /* UIView+LJWKeyboardHandlerAddtion.m in Sources */,
			);
			runOnlyForDeploymentPostprocessing = 0;
		};
		F2A5F52520762117001BB94B /* Sources */ = {
			isa = PBXSourcesBuildPhase;
			buildActionMask = 2147483647;
			files = (
				F2A5F52E20762117001BB94B /* test3Tests.m in Sources */,
			);
			runOnlyForDeploymentPostprocessing = 0;
		};
		F2A5F53020762118001BB94B /* Sources */ = {
			isa = PBXSourcesBuildPhase;
			buildActionMask = 2147483647;
			files = (
				F2A5F53920762118001BB94B /* test3UITests.m in Sources */,
			);
			runOnlyForDeploymentPostprocessing = 0;
		};
/* End PBXSourcesBuildPhase section */

/* Begin PBXTargetDependency section */
		F2A5F52B20762117001BB94B /* PBXTargetDependency */ = {
			isa = PBXTargetDependency;
			target = F2A5F51020762115001BB94B /* test3 */;
			targetProxy = F2A5F52A20762117001BB94B /* PBXContainerItemProxy */;
		};
		F2A5F53620762118001BB94B /* PBXTargetDependency */ = {
			isa = PBXTargetDependency;
			target = F2A5F51020762115001BB94B /* test3 */;
			targetProxy = F2A5F53520762118001BB94B /* PBXContainerItemProxy */;
		};
/* End PBXTargetDependency section */

/* Begin PBXVariantGroup section */
		F2A5F51A20762115001BB94B /* Main.storyboard */ = {
			isa = PBXVariantGroup;
			children = (
				F2A5F51B20762115001BB94B /* Base */,
			);
			name = Main.storyboard;
			sourceTree = "<group>";
		};
		F2A5F51F20762117001BB94B /* LaunchScreen.storyboard */ = {
			isa = PBXVariantGroup;
			children = (
				F2A5F52020762117001BB94B /* Base */,
			);
			name = LaunchScreen.storyboard;
			sourceTree = "<group>";
		};
/* End PBXVariantGroup section */

/* Begin XCBuildConfiguration section */
		F2A5F53B20762118001BB94B /* Debug */ = {
			isa = XCBuildConfiguration;
			buildSettings = {
				ALWAYS_SEARCH_USER_PATHS = NO;
				CLANG_ANALYZER_NONNULL = YES;
				CLANG_ANALYZER_NUMBER_OBJECT_CONVERSION = YES_AGGRESSIVE;
				CLANG_CXX_LANGUAGE_STANDARD = "gnu++14";
				CLANG_CXX_LIBRARY = "libc++";
				CLANG_ENABLE_MODULES = YES;
				CLANG_ENABLE_OBJC_ARC = YES;
				CLANG_ENABLE_OBJC_WEAK = YES;
				CLANG_WARN_BLOCK_CAPTURE_AUTORELEASING = YES;
				CLANG_WARN_BOOL_CONVERSION = YES;
				CLANG_WARN_COMMA = YES;
				CLANG_WARN_CONSTANT_CONVERSION = YES;
				CLANG_WARN_DEPRECATED_OBJC_IMPLEMENTATIONS = YES;
				CLANG_WARN_DIRECT_OBJC_ISA_USAGE = YES_ERROR;
				CLANG_WARN_DOCUMENTATION_COMMENTS = YES;
				CLANG_WARN_EMPTY_BODY = YES;
				CLANG_WARN_ENUM_CONVERSION = YES;
				CLANG_WARN_INFINITE_RECURSION = YES;
				CLANG_WARN_INT_CONVERSION = YES;
				CLANG_WARN_NON_LITERAL_NULL_CONVERSION = YES;
				CLANG_WARN_OBJC_IMPLICIT_RETAIN_SELF = YES;
				CLANG_WARN_OBJC_LITERAL_CONVERSION = YES;
				CLANG_WARN_OBJC_ROOT_CLASS = YES_ERROR;
				CLANG_WARN_RANGE_LOOP_ANALYSIS = YES;
				CLANG_WARN_STRICT_PROTOTYPES = YES;
				CLANG_WARN_SUSPICIOUS_MOVE = YES;
				CLANG_WARN_UNGUARDED_AVAILABILITY = YES_AGGRESSIVE;
				CLANG_WARN_UNREACHABLE_CODE = YES;
				CLANG_WARN__DUPLICATE_METHOD_MATCH = YES;
				CODE_SIGN_IDENTITY = "iPhone Developer";
				COPY_PHASE_STRIP = NO;
				DEBUG_INFORMATION_FORMAT = dwarf;
				ENABLE_STRICT_OBJC_MSGSEND = YES;
				ENABLE_TESTABILITY = YES;
				GCC_C_LANGUAGE_STANDARD = gnu11;
				GCC_DYNAMIC_NO_PIC = NO;
				GCC_NO_COMMON_BLOCKS = YES;
				GCC_OPTIMIZATION_LEVEL = 0;
				GCC_PREPROCESSOR_DEFINITIONS = (
					"DEBUG=1",
					"$(inherited)",
				);
				GCC_WARN_64_TO_32_BIT_CONVERSION = YES;
				GCC_WARN_ABOUT_RETURN_TYPE = YES_ERROR;
				GCC_WARN_UNDECLARED_SELECTOR = YES;
				GCC_WARN_UNINITIALIZED_AUTOS = YES_AGGRESSIVE;
				GCC_WARN_UNUSED_FUNCTION = YES;
				GCC_WARN_UNUSED_VARIABLE = YES;
				IPHONEOS_DEPLOYMENT_TARGET = 8.0;
				MTL_ENABLE_DEBUG_INFO = YES;
				ONLY_ACTIVE_ARCH = YES;
				SDKROOT = iphoneos;
			};
			name = Debug;
		};
		F2A5F53C20762118001BB94B /* Release */ = {
			isa = XCBuildConfiguration;
			buildSettings = {
				ALWAYS_SEARCH_USER_PATHS = NO;
				CLANG_ANALYZER_NONNULL = YES;
				CLANG_ANALYZER_NUMBER_OBJECT_CONVERSION = YES_AGGRESSIVE;
				CLANG_CXX_LANGUAGE_STANDARD = "gnu++14";
				CLANG_CXX_LIBRARY = "libc++";
				CLANG_ENABLE_MODULES = YES;
				CLANG_ENABLE_OBJC_ARC = YES;
				CLANG_ENABLE_OBJC_WEAK = YES;
				CLANG_WARN_BLOCK_CAPTURE_AUTORELEASING = YES;
				CLANG_WARN_BOOL_CONVERSION = YES;
				CLANG_WARN_COMMA = YES;
				CLANG_WARN_CONSTANT_CONVERSION = YES;
				CLANG_WARN_DEPRECATED_OBJC_IMPLEMENTATIONS = YES;
				CLANG_WARN_DIRECT_OBJC_ISA_USAGE = YES_ERROR;
				CLANG_WARN_DOCUMENTATION_COMMENTS = YES;
				CLANG_WARN_EMPTY_BODY = YES;
				CLANG_WARN_ENUM_CONVERSION = YES;
				CLANG_WARN_INFINITE_RECURSION = YES;
				CLANG_WARN_INT_CONVERSION = YES;
				CLANG_WARN_NON_LITERAL_NULL_CONVERSION = YES;
				CLANG_WARN_OBJC_IMPLICIT_RETAIN_SELF = YES;
				CLANG_WARN_OBJC_LITERAL_CONVERSION = YES;
				CLANG_WARN_OBJC_ROOT_CLASS = YES_ERROR;
				CLANG_WARN_RANGE_LOOP_ANALYSIS = YES;
				CLANG_WARN_STRICT_PROTOTYPES = YES;
				CLANG_WARN_SUSPICIOUS_MOVE = YES;
				CLANG_WARN_UNGUARDED_AVAILABILITY = YES_AGGRESSIVE;
				CLANG_WARN_UNREACHABLE_CODE = YES;
				CLANG_WARN__DUPLICATE_METHOD_MATCH = YES;
				CODE_SIGN_IDENTITY = "iPhone Developer";
				COPY_PHASE_STRIP = NO;
				DEBUG_INFORMATION_FORMAT = "dwarf-with-dsym";
				ENABLE_NS_ASSERTIONS = NO;
				ENABLE_STRICT_OBJC_MSGSEND = YES;
				GCC_C_LANGUAGE_STANDARD = gnu11;
				GCC_NO_COMMON_BLOCKS = YES;
				GCC_WARN_64_TO_32_BIT_CONVERSION = YES;
				GCC_WARN_ABOUT_RETURN_TYPE = YES_ERROR;
				GCC_WARN_UNDECLARED_SELECTOR = YES;
				GCC_WARN_UNINITIALIZED_AUTOS = YES_AGGRESSIVE;
				GCC_WARN_UNUSED_FUNCTION = YES;
				GCC_WARN_UNUSED_VARIABLE = YES;
				IPHONEOS_DEPLOYMENT_TARGET = 8.0;
				MTL_ENABLE_DEBUG_INFO = NO;
				SDKROOT = iphoneos;
				VALIDATE_PRODUCT = YES;
			};
			name = Release;
		};
		F2A5F53E20762118001BB94B /* Debug */ = {
			isa = XCBuildConfiguration;
			buildSettings = {
				ASSETCATALOG_COMPILER_APPICON_NAME = AppIcon;
				CLANG_CXX_LANGUAGE_STANDARD = "gnu++98";
				CLANG_MODULES_AUTOLINK = YES;
				CODE_SIGN_IDENTITY = "iPhone Developer";
				CODE_SIGN_STYLE = Automatic;
				DEVELOPMENT_TEAM = VNCC3G6TV4;
				ENABLE_BITCODE = NO;
				GCC_C_LANGUAGE_STANDARD = gnu99;
				GCC_PRECOMPILE_PREFIX_HEADER = YES;
				GCC_PREFIX_HEADER = "$(SRCROOT)/test3/PrefixHeader.pch";
				INFOPLIST_FILE = test3/Info.plist;
				IPHONEOS_DEPLOYMENT_TARGET = 8.0;
				LD_RUNPATH_SEARCH_PATHS = "$(inherited) @executable_path/Frameworks";
				LIBRARY_SEARCH_PATHS = (
					"$(inherited)",
					"$(PROJECT_DIR)/libs",
					"$(PROJECT_DIR)/test3",
					"$(PROJECT_DIR)/H264lib",
				);
				ONLY_ACTIVE_ARCH = NO;
				OTHER_LDFLAGS = "-ObjC";
				PRODUCT_BUNDLE_IDENTIFIER = com.fenzhi.test4;
				PRODUCT_NAME = "$(TARGET_NAME)";
				PROVISIONING_PROFILE_SPECIFIER = "";
				TARGETED_DEVICE_FAMILY = "1,2";
				VALID_ARCHS = "arm64 armv7";
			};
			name = Debug;
		};
		F2A5F53F20762118001BB94B /* Release */ = {
			isa = XCBuildConfiguration;
			buildSettings = {
				ASSETCATALOG_COMPILER_APPICON_NAME = AppIcon;
				CLANG_CXX_LANGUAGE_STANDARD = "gnu++98";
				CLANG_MODULES_AUTOLINK = YES;
				CODE_SIGN_IDENTITY = "iPhone Developer";
				CODE_SIGN_STYLE = Automatic;
				DEVELOPMENT_TEAM = VNCC3G6TV4;
				ENABLE_BITCODE = NO;
				GCC_C_LANGUAGE_STANDARD = gnu99;
				GCC_PRECOMPILE_PREFIX_HEADER = YES;
				GCC_PREFIX_HEADER = "$(SRCROOT)/test3/PrefixHeader.pch";
				INFOPLIST_FILE = test3/Info.plist;
				IPHONEOS_DEPLOYMENT_TARGET = 8.0;
				LD_RUNPATH_SEARCH_PATHS = "$(inherited) @executable_path/Frameworks";
				LIBRARY_SEARCH_PATHS = (
					"$(inherited)",
					"$(PROJECT_DIR)/libs",
					"$(PROJECT_DIR)/test3",
					"$(PROJECT_DIR)/H264lib",
				);
				ONLY_ACTIVE_ARCH = NO;
				OTHER_LDFLAGS = "-ObjC";
				PRODUCT_BUNDLE_IDENTIFIER = com.fenzhi.test4;
				PRODUCT_NAME = "$(TARGET_NAME)";
				PROVISIONING_PROFILE_SPECIFIER = "";
				TARGETED_DEVICE_FAMILY = "1,2";
				VALID_ARCHS = "arm64 armv7";
			};
			name = Release;
		};
		F2A5F54120762118001BB94B /* Debug */ = {
			isa = XCBuildConfiguration;
			buildSettings = {
				BUNDLE_LOADER = "$(TEST_HOST)";
				CODE_SIGN_STYLE = Automatic;
				INFOPLIST_FILE = test3Tests/Info.plist;
				LD_RUNPATH_SEARCH_PATHS = "$(inherited) @executable_path/Frameworks @loader_path/Frameworks";
				PRODUCT_BUNDLE_IDENTIFIER = com.test3Tests;
				PRODUCT_NAME = "$(TARGET_NAME)";
				TARGETED_DEVICE_FAMILY = "1,2";
				TEST_HOST = "$(BUILT_PRODUCTS_DIR)/test3.app/test3";
			};
			name = Debug;
		};
		F2A5F54220762118001BB94B /* Release */ = {
			isa = XCBuildConfiguration;
			buildSettings = {
				BUNDLE_LOADER = "$(TEST_HOST)";
				CODE_SIGN_STYLE = Automatic;
				INFOPLIST_FILE = test3Tests/Info.plist;
				LD_RUNPATH_SEARCH_PATHS = "$(inherited) @executable_path/Frameworks @loader_path/Frameworks";
				PRODUCT_BUNDLE_IDENTIFIER = com.test3Tests;
				PRODUCT_NAME = "$(TARGET_NAME)";
				TARGETED_DEVICE_FAMILY = "1,2";
				TEST_HOST = "$(BUILT_PRODUCTS_DIR)/test3.app/test3";
			};
			name = Release;
		};
		F2A5F54420762118001BB94B /* Debug */ = {
			isa = XCBuildConfiguration;
			buildSettings = {
				CODE_SIGN_STYLE = Automatic;
				INFOPLIST_FILE = test3UITests/Info.plist;
				LD_RUNPATH_SEARCH_PATHS = "$(inherited) @executable_path/Frameworks @loader_path/Frameworks";
				PRODUCT_BUNDLE_IDENTIFIER = com.test3UITests;
				PRODUCT_NAME = "$(TARGET_NAME)";
				TARGETED_DEVICE_FAMILY = "1,2";
				TEST_TARGET_NAME = test3;
			};
			name = Debug;
		};
		F2A5F54520762118001BB94B /* Release */ = {
			isa = XCBuildConfiguration;
			buildSettings = {
				CODE_SIGN_STYLE = Automatic;
				INFOPLIST_FILE = test3UITests/Info.plist;
				LD_RUNPATH_SEARCH_PATHS = "$(inherited) @executable_path/Frameworks @loader_path/Frameworks";
				PRODUCT_BUNDLE_IDENTIFIER = com.test3UITests;
				PRODUCT_NAME = "$(TARGET_NAME)";
				TARGETED_DEVICE_FAMILY = "1,2";
				TEST_TARGET_NAME = test3;
			};
			name = Release;
		};
/* End XCBuildConfiguration section */

/* Begin XCConfigurationList section */
		F2A5F50C20762115001BB94B /* Build configuration list for PBXProject "test3" */ = {
			isa = XCConfigurationList;
			buildConfigurations = (
				F2A5F53B20762118001BB94B /* Debug */,
				F2A5F53C20762118001BB94B /* Release */,
			);
			defaultConfigurationIsVisible = 0;
			defaultConfigurationName = Release;
		};
		F2A5F53D20762118001BB94B /* Build configuration list for PBXNativeTarget "test3" */ = {
			isa = XCConfigurationList;
			buildConfigurations = (
				F2A5F53E20762118001BB94B /* Debug */,
				F2A5F53F20762118001BB94B /* Release */,
			);
			defaultConfigurationIsVisible = 0;
			defaultConfigurationName = Release;
		};
		F2A5F54020762118001BB94B /* Build configuration list for PBXNativeTarget "test3Tests" */ = {
			isa = XCConfigurationList;
			buildConfigurations = (
				F2A5F54120762118001BB94B /* Debug */,
				F2A5F54220762118001BB94B /* Release */,
			);
			defaultConfigurationIsVisible = 0;
			defaultConfigurationName = Release;
		};
		F2A5F54320762118001BB94B /* Build configuration list for PBXNativeTarget "test3UITests" */ = {
			isa = XCConfigurationList;
			buildConfigurations = (
				F2A5F54420762118001BB94B /* Debug */,
				F2A5F54520762118001BB94B /* Release */,
			);
			defaultConfigurationIsVisible = 0;
			defaultConfigurationName = Release;
		};
/* End XCConfigurationList section */
	};
	rootObject = F2A5F50920762115001BB94B /* Project object */;
}
